
Microsoft Visual Studio Solution File, Format Version 12.00
# Visual Studio Version 16
VisualStudioVersion = 16.0.30320.27
MinimumVisualStudioVersion = 10.0.40219.1
Project("{FAE04EC0-301F-11D3-BF4B-00C04F79EFBC}") = "NumberRandomizer", "NumberRandomizer\NumberRandomizer.csproj", "{59018CF0-C565-437B-A9C4-C339767ADA1F}"
EndProject
Global
	GlobalSection(SolutionConfigurationPlatforms) = preSolution
		Debug|Any CPU = Debug|Any CPU
		Release|Any CPU = Release|Any CPU
	EndGlobalSection
	GlobalSection(ProjectConfigurationPlatforms) = postSolution
		{59018CF0-C565-437B-A9C4-C339767ADA1F}.Debug|Any CPU.ActiveCfg = Debug|Any CPU
		{59018CF0-C565-437B-A9C4-C339767ADA1F}.Debug|Any CPU.Build.0 = Debug|Any CPU
		{59018CF0-C565-437B-A9C4-C339767ADA1F}.Release|Any CPU.ActiveCfg = Release|Any CPU
		{59018CF0-C565-437B-A9C4-C339767ADA1F}.Release|Any CPU.Build.0 = Release|Any CPU
	EndGlobalSection
	GlobalSection(SolutionProperties) = preSolution
		HideSolutionNode = FALSE
	EndGlobalSection
	GlobalSection(ExtensibilityGlobals) = postSolution
		SolutionGuid = {8D4F3758-D7B7-49AA-A766-75ABFCEF5C27}
	EndGlobalSection
EndGlobal
